// !$*UTF8*$!
{
	archiveVersion = 1;
	classes = {
	};
	objectVersion = 46;
	objects = {

/* Begin PBXBuildFile section */
		44CA06EA19A675AE00E23856 /* YSSTranslatedTextModel.m in Sources */ = {isa = PBXBuildFile; fileRef = 44CA06E919A675AE00E23856 /* YSSTranslatedTextModel.m */; };
		44CA06EB19A675AE00E23856 /* YSSTranslatedTextModel.m in Sources */ = {isa = PBXBuildFile; fileRef = 44CA06E919A675AE00E23856 /* YSSTranslatedTextModel.m */; };
		44D7E77619A4150500CD5E85 /* Foundation.framework in Frameworks */ = {isa = PBXBuildFile; fileRef = 44D7E77519A4150500CD5E85 /* Foundation.framework */; };
		44D7E77819A4150500CD5E85 /* CoreGraphics.framework in Frameworks */ = {isa = PBXBuildFile; fileRef = 44D7E77719A4150500CD5E85 /* CoreGraphics.framework */; };
		44D7E77A19A4150500CD5E85 /* UIKit.framework in Frameworks */ = {isa = PBXBuildFile; fileRef = 44D7E77919A4150500CD5E85 /* UIKit.framework */; };
		44D7E78019A4150500CD5E85 /* InfoPlist.strings in Resources */ = {isa = PBXBuildFile; fileRef = 44D7E77E19A4150500CD5E85 /* InfoPlist.strings */; };
		44D7E78219A4150500CD5E85 /* main.m in Sources */ = {isa = PBXBuildFile; fileRef = 44D7E78119A4150500CD5E85 /* main.m */; };
		44D7E78619A4150500CD5E85 /* YSSAppDelegate.m in Sources */ = {isa = PBXBuildFile; fileRef = 44D7E78519A4150500CD5E85 /* YSSAppDelegate.m */; };
		44D7E78919A4150500CD5E85 /* Main.storyboard in Resources */ = {isa = PBXBuildFile; fileRef = 44D7E78719A4150500CD5E85 /* Main.storyboard */; };
		44D7E78C19A4150500CD5E85 /* YSSViewController.m in Sources */ = {isa = PBXBuildFile; fileRef = 44D7E78B19A4150500CD5E85 /* YSSViewController.m */; };
		44D7E78E19A4150500CD5E85 /* Images.xcassets in Resources */ = {isa = PBXBuildFile; fileRef = 44D7E78D19A4150500CD5E85 /* Images.xcassets */; };
		44D7E79519A4150500CD5E85 /* XCTest.framework in Frameworks */ = {isa = PBXBuildFile; fileRef = 44D7E79419A4150500CD5E85 /* XCTest.framework */; };
		44D7E79619A4150500CD5E85 /* Foundation.framework in Frameworks */ = {isa = PBXBuildFile; fileRef = 44D7E77519A4150500CD5E85 /* Foundation.framework */; };
		44D7E79719A4150500CD5E85 /* UIKit.framework in Frameworks */ = {isa = PBXBuildFile; fileRef = 44D7E77919A4150500CD5E85 /* UIKit.framework */; };
		44D7E79F19A4150500CD5E85 /* InfoPlist.strings in Resources */ = {isa = PBXBuildFile; fileRef = 44D7E79D19A4150500CD5E85 /* InfoPlist.strings */; };
		44D7E7A119A4150500CD5E85 /* YodaSpeakShopkeepTests.m in Sources */ = {isa = PBXBuildFile; fileRef = 44D7E7A019A4150500CD5E85 /* YodaSpeakShopkeepTests.m */; };
		44D7E7AC19A4154600CD5E85 /* YSSRequestManager.m in Sources */ = {isa = PBXBuildFile; fileRef = 44D7E7AB19A4154600CD5E85 /* YSSRequestManager.m */; };
		44D7E7AD19A4154600CD5E85 /* YSSRequestManager.m in Sources */ = {isa = PBXBuildFile; fileRef = 44D7E7AB19A4154600CD5E85 /* YSSRequestManager.m */; };
		90515BB132EC4E2DBC3DEDF9 /* libPods-YodaSpeakShopkeepTests.a in Frameworks */ = {isa = PBXBuildFile; fileRef = FFD1F2C83F8E47908C4FCB68 /* libPods-YodaSpeakShopkeepTests.a */; };
		BD1825C13F98444391C051C5 /* libPods-YodaSpeakShopkeep.a in Frameworks */ = {isa = PBXBuildFile; fileRef = 203366D1A6F342C6B652900B /* libPods-YodaSpeakShopkeep.a */; };
/* End PBXBuildFile section */

/* Begin PBXContainerItemProxy section */
		44D7E79819A4150500CD5E85 /* PBXContainerItemProxy */ = {
			isa = PBXContainerItemProxy;
			containerPortal = 44D7E76A19A4150500CD5E85 /* Project object */;
			proxyType = 1;
			remoteGlobalIDString = 44D7E77119A4150500CD5E85;
			remoteInfo = YodaSpeakShopkeep;
		};
/* End PBXContainerItemProxy section */

/* Begin PBXFileReference section */
		203366D1A6F342C6B652900B /* libPods-YodaSpeakShopkeep.a */ = {isa = PBXFileReference; explicitFileType = archive.ar; includeInIndex = 0; path = "libPods-YodaSpeakShopkeep.a"; sourceTree = BUILT_PRODUCTS_DIR; };
		33C4F9BDFF58454D9C601FE1 /* Pods-YodaSpeakShopkeep.xcconfig */ = {isa = PBXFileReference; includeInIndex = 1; lastKnownFileType = text.xcconfig; name = "Pods-YodaSpeakShopkeep.xcconfig"; path = "Pods/Pods-YodaSpeakShopkeep.xcconfig"; sourceTree = "<group>"; };
		44CA06E819A675AE00E23856 /* YSSTranslatedTextModel.h */ = {isa = PBXFileReference; fileEncoding = 4; lastKnownFileType = sourcecode.c.h; path = YSSTranslatedTextModel.h; sourceTree = "<group>"; };
		44CA06E919A675AE00E23856 /* YSSTranslatedTextModel.m */ = {isa = PBXFileReference; fileEncoding = 4; lastKnownFileType = sourcecode.c.objc; path = YSSTranslatedTextModel.m; sourceTree = "<group>"; };
		44D7E77219A4150500CD5E85 /* YodaSpeakShopkeep.app */ = {isa = PBXFileReference; explicitFileType = wrapper.application; includeInIndex = 0; path = YodaSpeakShopkeep.app; sourceTree = BUILT_PRODUCTS_DIR; };
		44D7E77519A4150500CD5E85 /* Foundation.framework */ = {isa = PBXFileReference; lastKnownFileType = wrapper.framework; name = Foundation.framework; path = System/Library/Frameworks/Foundation.framework; sourceTree = SDKROOT; };
		44D7E77719A4150500CD5E85 /* CoreGraphics.framework */ = {isa = PBXFileReference; lastKnownFileType = wrapper.framework; name = CoreGraphics.framework; path = System/Library/Frameworks/CoreGraphics.framework; sourceTree = SDKROOT; };
		44D7E77919A4150500CD5E85 /* UIKit.framework */ = {isa = PBXFileReference; lastKnownFileType = wrapper.framework; name = UIKit.framework; path = System/Library/Frameworks/UIKit.framework; sourceTree = SDKROOT; };
		44D7E77D19A4150500CD5E85 /* YodaSpeakShopkeep-Info.plist */ = {isa = PBXFileReference; lastKnownFileType = text.plist.xml; path = "YodaSpeakShopkeep-Info.plist"; sourceTree = "<group>"; };
		44D7E77F19A4150500CD5E85 /* en */ = {isa = PBXFileReference; lastKnownFileType = text.plist.strings; name = en; path = en.lproj/InfoPlist.strings; sourceTree = "<group>"; };
		44D7E78119A4150500CD5E85 /* main.m */ = {isa = PBXFileReference; lastKnownFileType = sourcecode.c.objc; path = main.m; sourceTree = "<group>"; };
		44D7E78319A4150500CD5E85 /* YodaSpeakShopkeep-Prefix.pch */ = {isa = PBXFileReference; lastKnownFileType = sourcecode.c.h; path = "YodaSpeakShopkeep-Prefix.pch"; sourceTree = "<group>"; };
		44D7E78419A4150500CD5E85 /* YSSAppDelegate.h */ = {isa = PBXFileReference; lastKnownFileType = sourcecode.c.h; path = YSSAppDelegate.h; sourceTree = "<group>"; };
		44D7E78519A4150500CD5E85 /* YSSAppDelegate.m */ = {isa = PBXFileReference; lastKnownFileType = sourcecode.c.objc; path = YSSAppDelegate.m; sourceTree = "<group>"; };
		44D7E78819A4150500CD5E85 /* Base */ = {isa = PBXFileReference; lastKnownFileType = file.storyboard; name = Base; path = Base.lproj/Main.storyboard; sourceTree = "<group>"; };
		44D7E78A19A4150500CD5E85 /* YSSViewController.h */ = {isa = PBXFileReference; lastKnownFileType = sourcecode.c.h; path = YSSViewController.h; sourceTree = "<group>"; };
		44D7E78B19A4150500CD5E85 /* YSSViewController.m */ = {isa = PBXFileReference; lastKnownFileType = sourcecode.c.objc; path = YSSViewController.m; sourceTree = "<group>"; };
		44D7E78D19A4150500CD5E85 /* Images.xcassets */ = {isa = PBXFileReference; lastKnownFileType = folder.assetcatalog; path = Images.xcassets; sourceTree = "<group>"; };
		44D7E79319A4150500CD5E85 /* YodaSpeakShopkeepTests.xctest */ = {isa = PBXFileReference; explicitFileType = wrapper.cfbundle; includeInIndex = 0; path = YodaSpeakShopkeepTests.xctest; sourceTree = BUILT_PRODUCTS_DIR; };
		44D7E79419A4150500CD5E85 /* XCTest.framework */ = {isa = PBXFileReference; lastKnownFileType = wrapper.framework; name = XCTest.framework; path = Library/Frameworks/XCTest.framework; sourceTree = DEVELOPER_DIR; };
		44D7E79C19A4150500CD5E85 /* YodaSpeakShopkeepTests-Info.plist */ = {isa = PBXFileReference; lastKnownFileType = text.plist.xml; path = "YodaSpeakShopkeepTests-Info.plist"; sourceTree = "<group>"; };
		44D7E79E19A4150500CD5E85 /* en */ = {isa = PBXFileReference; lastKnownFileType = text.plist.strings; name = en; path = en.lproj/InfoPlist.strings; sourceTree = "<group>"; };
		44D7E7A019A4150500CD5E85 /* YodaSpeakShopkeepTests.m */ = {isa = PBXFileReference; lastKnownFileType = sourcecode.c.objc; path = YodaSpeakShopkeepTests.m; sourceTree = "<group>"; };
		44D7E7AA19A4154600CD5E85 /* YSSRequestManager.h */ = {isa = PBXFileReference; fileEncoding = 4; lastKnownFileType = sourcecode.c.h; name = YSSRequestManager.h; path = ../YSSRequestManager.h; sourceTree = "<group>"; };
		44D7E7AB19A4154600CD5E85 /* YSSRequestManager.m */ = {isa = PBXFileReference; fileEncoding = 4; lastKnownFileType = sourcecode.c.objc; name = YSSRequestManager.m; path = ../YSSRequestManager.m; sourceTree = "<group>"; };
		5599E1FA438F48B4B03C956B /* Pods-YodaSpeakShopkeepTests.xcconfig */ = {isa = PBXFileReference; includeInIndex = 1; lastKnownFileType = text.xcconfig; name = "Pods-YodaSpeakShopkeepTests.xcconfig"; path = "Pods/Pods-YodaSpeakShopkeepTests.xcconfig"; sourceTree = "<group>"; };
		FFD1F2C83F8E47908C4FCB68 /* libPods-YodaSpeakShopkeepTests.a */ = {isa = PBXFileReference; explicitFileType = archive.ar; includeInIndex = 0; path = "libPods-YodaSpeakShopkeepTests.a"; sourceTree = BUILT_PRODUCTS_DIR; };
/* End PBXFileReference section */

/* Begin PBXFrameworksBuildPhase section */
		44D7E76F19A4150500CD5E85 /* Frameworks */ = {
			isa = PBXFrameworksBuildPhase;
			buildActionMask = 2147483647;
			files = (
				44D7E77819A4150500CD5E85 /* CoreGraphics.framework in Frameworks */,
				44D7E77A19A4150500CD5E85 /* UIKit.framework in Frameworks */,
				44D7E77619A4150500CD5E85 /* Foundation.framework in Frameworks */,
				BD1825C13F98444391C051C5 /* libPods-YodaSpeakShopkeep.a in Frameworks */,
			);
			runOnlyForDeploymentPostprocessing = 0;
		};
		44D7E79019A4150500CD5E85 /* Frameworks */ = {
			isa = PBXFrameworksBuildPhase;
			buildActionMask = 2147483647;
			files = (
				44D7E79519A4150500CD5E85 /* XCTest.framework in Frameworks */,
				44D7E79719A4150500CD5E85 /* UIKit.framework in Frameworks */,
				44D7E79619A4150500CD5E85 /* Foundation.framework in Frameworks */,
				90515BB132EC4E2DBC3DEDF9 /* libPods-YodaSpeakShopkeepTests.a in Frameworks */,
			);
			runOnlyForDeploymentPostprocessing = 0;
		};
/* End PBXFrameworksBuildPhase section */

/* Begin PBXGroup section */
		44D7E76919A4150500CD5E85 = {
			isa = PBXGroup;
			children = (
				44D7E77B19A4150500CD5E85 /* YodaSpeakShopkeep */,
				44D7E79A19A4150500CD5E85 /* YodaSpeakShopkeepTests */,
				44D7E77419A4150500CD5E85 /* Frameworks */,
				44D7E77319A4150500CD5E85 /* Products */,
				33C4F9BDFF58454D9C601FE1 /* Pods-YodaSpeakShopkeep.xcconfig */,
				5599E1FA438F48B4B03C956B /* Pods-YodaSpeakShopkeepTests.xcconfig */,
			);
			sourceTree = "<group>";
		};
		44D7E77319A4150500CD5E85 /* Products */ = {
			isa = PBXGroup;
			children = (
				44D7E77219A4150500CD5E85 /* YodaSpeakShopkeep.app */,
				44D7E79319A4150500CD5E85 /* YodaSpeakShopkeepTests.xctest */,
			);
			name = Products;
			sourceTree = "<group>";
		};
		44D7E77419A4150500CD5E85 /* Frameworks */ = {
			isa = PBXGroup;
			children = (
				44D7E77519A4150500CD5E85 /* Foundation.framework */,
				44D7E77719A4150500CD5E85 /* CoreGraphics.framework */,
				44D7E77919A4150500CD5E85 /* UIKit.framework */,
				44D7E79419A4150500CD5E85 /* XCTest.framework */,
				203366D1A6F342C6B652900B /* libPods-YodaSpeakShopkeep.a */,
				FFD1F2C83F8E47908C4FCB68 /* libPods-YodaSpeakShopkeepTests.a */,
			);
			name = Frameworks;
			sourceTree = "<group>";
		};
		44D7E77B19A4150500CD5E85 /* YodaSpeakShopkeep */ = {
			isa = PBXGroup;
			children = (
				44D7E7AA19A4154600CD5E85 /* YSSRequestManager.h */,
				44D7E7AB19A4154600CD5E85 /* YSSRequestManager.m */,
				44D7E78419A4150500CD5E85 /* YSSAppDelegate.h */,
				44D7E78519A4150500CD5E85 /* YSSAppDelegate.m */,
				44D7E78719A4150500CD5E85 /* Main.storyboard */,
				44D7E78A19A4150500CD5E85 /* YSSViewController.h */,
				44D7E78B19A4150500CD5E85 /* YSSViewController.m */,
				44D7E78D19A4150500CD5E85 /* Images.xcassets */,
				44D7E77C19A4150500CD5E85 /* Supporting Files */,
				44CA06E819A675AE00E23856 /* YSSTranslatedTextModel.h */,
				44CA06E919A675AE00E23856 /* YSSTranslatedTextModel.m */,
			);
			path = YodaSpeakShopkeep;
			sourceTree = "<group>";
		};
		44D7E77C19A4150500CD5E85 /* Supporting Files */ = {
			isa = PBXGroup;
			children = (
				44D7E77D19A4150500CD5E85 /* YodaSpeakShopkeep-Info.plist */,
				44D7E77E19A4150500CD5E85 /* InfoPlist.strings */,
				44D7E78119A4150500CD5E85 /* main.m */,
				44D7E78319A4150500CD5E85 /* YodaSpeakShopkeep-Prefix.pch */,
			);
			name = "Supporting Files";
			sourceTree = "<group>";
		};
		44D7E79A19A4150500CD5E85 /* YodaSpeakShopkeepTests */ = {
			isa = PBXGroup;
			children = (
				44D7E7A019A4150500CD5E85 /* YodaSpeakShopkeepTests.m */,
				44D7E79B19A4150500CD5E85 /* Supporting Files */,
			);
			path = YodaSpeakShopkeepTests;
			sourceTree = "<group>";
		};
		44D7E79B19A4150500CD5E85 /* Supporting Files */ = {
			isa = PBXGroup;
			children = (
				44D7E79C19A4150500CD5E85 /* YodaSpeakShopkeepTests-Info.plist */,
				44D7E79D19A4150500CD5E85 /* InfoPlist.strings */,
			);
			name = "Supporting Files";
			sourceTree = "<group>";
		};
/* End PBXGroup section */

/* Begin PBXNativeTarget section */
		44D7E77119A4150500CD5E85 /* YodaSpeakShopkeep */ = {
			isa = PBXNativeTarget;
			buildConfigurationList = 44D7E7A419A4150500CD5E85 /* Build configuration list for PBXNativeTarget "YodaSpeakShopkeep" */;
			buildPhases = (
				05176B437A48491580E52A8E /* Check Pods Manifest.lock */,
				44D7E76E19A4150500CD5E85 /* Sources */,
				44D7E76F19A4150500CD5E85 /* Frameworks */,
				44D7E77019A4150500CD5E85 /* Resources */,
				925D58252A9D49EA86A88E69 /* Copy Pods Resources */,
			);
			buildRules = (
			);
			dependencies = (
			);
			name = YodaSpeakShopkeep;
			productName = YodaSpeakShopkeep;
			productReference = 44D7E77219A4150500CD5E85 /* YodaSpeakShopkeep.app */;
			productType = "com.apple.product-type.application";
		};
		44D7E79219A4150500CD5E85 /* YodaSpeakShopkeepTests */ = {
			isa = PBXNativeTarget;
			buildConfigurationList = 44D7E7A719A4150500CD5E85 /* Build configuration list for PBXNativeTarget "YodaSpeakShopkeepTests" */;
			buildPhases = (
				4F54AEAB32604B429B43274B /* Check Pods Manifest.lock */,
				44D7E78F19A4150500CD5E85 /* Sources */,
				44D7E79019A4150500CD5E85 /* Frameworks */,
				44D7E79119A4150500CD5E85 /* Resources */,
				D34D161CE8AD4873818270DB /* Copy Pods Resources */,
			);
			buildRules = (
			);
			dependencies = (
				44D7E79919A4150500CD5E85 /* PBXTargetDependency */,
			);
			name = YodaSpeakShopkeepTests;
			productName = YodaSpeakShopkeepTests;
			productReference = 44D7E79319A4150500CD5E85 /* YodaSpeakShopkeepTests.xctest */;
			productType = "com.apple.product-type.bundle.unit-test";
		};
/* End PBXNativeTarget section */

/* Begin PBXProject section */
		44D7E76A19A4150500CD5E85 /* Project object */ = {
			isa = PBXProject;
			attributes = {
				CLASSPREFIX = YSS;
				LastUpgradeCheck = 0510;
				ORGANIZATIONNAME = dsegal;
				TargetAttributes = {
					44D7E79219A4150500CD5E85 = {
						TestTargetID = 44D7E77119A4150500CD5E85;
					};
				};
			};
			buildConfigurationList = 44D7E76D19A4150500CD5E85 /* Build configuration list for PBXProject "YodaSpeakShopkeep" */;
			compatibilityVersion = "Xcode 3.2";
			developmentRegion = English;
			hasScannedForEncodings = 0;
			knownRegions = (
				en,
				Base,
			);
			mainGroup = 44D7E76919A4150500CD5E85;
			productRefGroup = 44D7E77319A4150500CD5E85 /* Products */;
			projectDirPath = "";
			projectRoot = "";
			targets = (
				44D7E77119A4150500CD5E85 /* YodaSpeakShopkeep */,
				44D7E79219A4150500CD5E85 /* YodaSpeakShopkeepTests */,
			);
		};
/* End PBXProject section */

/* Begin PBXResourcesBuildPhase section */
		44D7E77019A4150500CD5E85 /* Resources */ = {
			isa = PBXResourcesBuildPhase;
			buildActionMask = 2147483647;
			files = (
				44D7E78E19A4150500CD5E85 /* Images.xcassets in Resources */,
				44D7E78019A4150500CD5E85 /* InfoPlist.strings in Resources */,
				44D7E78919A4150500CD5E85 /* Main.storyboard in Resources */,
			);
			runOnlyForDeploymentPostprocessing = 0;
		};
		44D7E79119A4150500CD5E85 /* Resources */ = {
			isa = PBXResourcesBuildPhase;
			buildActionMask = 2147483647;
			files = (
				44D7E79F19A4150500CD5E85 /* InfoPlist.strings in Resources */,
			);
			runOnlyForDeploymentPostprocessing = 0;
		};
/* End PBXResourcesBuildPhase section */

/* Begin PBXShellScriptBuildPhase section */
		05176B437A48491580E52A8E /* Check Pods Manifest.lock */ = {
			isa = PBXShellScriptBuildPhase;
			buildActionMask = 2147483647;
			files = (
			);
			inputPaths = (
			);
			name = "Check Pods Manifest.lock";
			outputPaths = (
			);
			runOnlyForDeploymentPostprocessing = 0;
			shellPath = /bin/sh;
			shellScript = "diff \"${PODS_ROOT}/../Podfile.lock\" \"${PODS_ROOT}/Manifest.lock\" > /dev/null\nif [[ $? != 0 ]] ; then\n    cat << EOM\nerror: The sandbox is not in sync with the Podfile.lock. Run 'pod install' or update your CocoaPods installation.\nEOM\n    exit 1\nfi\n";
			showEnvVarsInLog = 0;
		};
		4F54AEAB32604B429B43274B /* Check Pods Manifest.lock */ = {
			isa = PBXShellScriptBuildPhase;
			buildActionMask = 2147483647;
			files = (
			);
			inputPaths = (
			);
			name = "Check Pods Manifest.lock";
			outputPaths = (
			);
			runOnlyForDeploymentPostprocessing = 0;
			shellPath = /bin/sh;
			shellScript = "diff \"${PODS_ROOT}/../Podfile.lock\" \"${PODS_ROOT}/Manifest.lock\" > /dev/null\nif [[ $? != 0 ]] ; then\n    cat << EOM\nerror: The sandbox is not in sync with the Podfile.lock. Run 'pod install' or update your CocoaPods installation.\nEOM\n    exit 1\nfi\n";
			showEnvVarsInLog = 0;
		};
		925D58252A9D49EA86A88E69 /* Copy Pods Resources */ = {
			isa = PBXShellScriptBuildPhase;
			buildActionMask = 2147483647;
			files = (
			);
			inputPaths = (
			);
			name = "Copy Pods Resources";
			outputPaths = (
			);
			runOnlyForDeploymentPostprocessing = 0;
			shellPath = /bin/sh;
			shellScript = "\"${SRCROOT}/Pods/Pods-YodaSpeakShopkeep-resources.sh\"\n";
			showEnvVarsInLog = 0;
		};
		D34D161CE8AD4873818270DB /* Copy Pods Resources */ = {
			isa = PBXShellScriptBuildPhase;
			buildActionMask = 2147483647;
			files = (
			);
			inputPaths = (
			);
			name = "Copy Pods Resources";
			outputPaths = (
			);
			runOnlyForDeploymentPostprocessing = 0;
			shellPath = /bin/sh;
			shellScript = "\"${SRCROOT}/Pods/Pods-YodaSpeakShopkeepTests-resources.sh\"\n";
			showEnvVarsInLog = 0;
		};
/* End PBXShellScriptBuildPhase section */

/* Begin PBXSourcesBuildPhase section */
		44D7E76E19A4150500CD5E85 /* Sources */ = {
			isa = PBXSourcesBuildPhase;
			buildActionMask = 2147483647;
			files = (
				44D7E78C19A4150500CD5E85 /* YSSViewController.m in Sources */,
				44D7E7AC19A4154600CD5E85 /* YSSRequestManager.m in Sources */,
				44CA06EA19A675AE00E23856 /* YSSTranslatedTextModel.m in Sources */,
				44D7E78619A4150500CD5E85 /* YSSAppDelegate.m in Sources */,
				44D7E78219A4150500CD5E85 /* main.m in Sources */,
			);
			runOnlyForDeploymentPostprocessing = 0;
		};
		44D7E78F19A4150500CD5E85 /* Sources */ = {
			isa = PBXSourcesBuildPhase;
			buildActionMask = 2147483647;
			files = (
				44D7E7A119A4150500CD5E85 /* YodaSpeakShopkeepTests.m in Sources */,
				44D7E7AD19A4154600CD5E85 /* YSSRequestManager.m in Sources */,
				44CA06EB19A675AE00E23856 /* YSSTranslatedTextModel.m in Sources */,
			);
			runOnlyForDeploymentPostprocessing = 0;
		};
/* End PBXSourcesBuildPhase section */

/* Begin PBXTargetDependency section */
		44D7E79919A4150500CD5E85 /* PBXTargetDependency */ = {
			isa = PBXTargetDependency;
			target = 44D7E77119A4150500CD5E85 /* YodaSpeakShopkeep */;
			targetProxy = 44D7E79819A4150500CD5E85 /* PBXContainerItemProxy */;
		};
/* End PBXTargetDependency section */

/* Begin PBXVariantGroup section */
		44D7E77E19A4150500CD5E85 /* InfoPlist.strings */ = {
			isa = PBXVariantGroup;
			children = (
				44D7E77F19A4150500CD5E85 /* en */,
			);
			name = InfoPlist.strings;
			sourceTree = "<group>";
		};
		44D7E78719A4150500CD5E85 /* Main.storyboard */ = {
			isa = PBXVariantGroup;
			children = (
				44D7E78819A4150500CD5E85 /* Base */,
			);
			name = Main.storyboard;
			sourceTree = "<group>";
		};
		44D7E79D19A4150500CD5E85 /* InfoPlist.strings */ = {
			isa = PBXVariantGroup;
			children = (
				44D7E79E19A4150500CD5E85 /* en */,
			);
			name = InfoPlist.strings;
			sourceTree = "<group>";
		};
/* End PBXVariantGroup section */

/* Begin XCBuildConfiguration section */
		44D7E7A219A4150500CD5E85 /* Debug */ = {
			isa = XCBuildConfiguration;
			buildSettings = {
				ALWAYS_SEARCH_USER_PATHS = NO;
				CLANG_CXX_LANGUAGE_STANDARD = "gnu++0x";
				CLANG_CXX_LIBRARY = "libc++";
				CLANG_ENABLE_MODULES = YES;
				CLANG_ENABLE_OBJC_ARC = YES;
				CLANG_WARN_BOOL_CONVERSION = YES;
				CLANG_WARN_CONSTANT_CONVERSION = YES;
				CLANG_WARN_DIRECT_OBJC_ISA_USAGE = YES_ERROR;
				CLANG_WARN_EMPTY_BODY = YES;
				CLANG_WARN_ENUM_CONVERSION = YES;
				CLANG_WARN_INT_CONVERSION = YES;
				CLANG_WARN_OBJC_ROOT_CLASS = YES_ERROR;
				CLANG_WARN__DUPLICATE_METHOD_MATCH = YES;
				"CODE_SIGN_IDENTITY[sdk=iphoneos*]" = "iPhone Developer";
				COPY_PHASE_STRIP = NO;
				GCC_C_LANGUAGE_STANDARD = gnu99;
				GCC_DYNAMIC_NO_PIC = NO;
				GCC_OPTIMIZATION_LEVEL = 0;
				GCC_PREPROCESSOR_DEFINITIONS = (
					"DEBUG=1",
					"$(inherited)",
				);
				GCC_SYMBOLS_PRIVATE_EXTERN = NO;
				GCC_WARN_64_TO_32_BIT_CONVERSION = YES;
				GCC_WARN_ABOUT_RETURN_TYPE = YES_ERROR;
				GCC_WARN_UNDECLARED_SELECTOR = YES;
				GCC_WARN_UNINITIALIZED_AUTOS = YES_AGGRESSIVE;
				GCC_WARN_UNUSED_FUNCTION = YES;
				GCC_WARN_UNUSED_VARIABLE = YES;
				IPHONEOS_DEPLOYMENT_TARGET = 7.1;
				ONLY_ACTIVE_ARCH = YES;
				SDKROOT = iphoneos;
			};
			name = Debug;
		};
		44D7E7A319A4150500CD5E85 /* Release */ = {
			isa = XCBuildConfiguration;
			buildSettings = {
				ALWAYS_SEARCH_USER_PATHS = NO;
				CLANG_CXX_LANGUAGE_STANDARD = "gnu++0x";
				CLANG_CXX_LIBRARY = "libc++";
				CLANG_ENABLE_MODULES = YES;
				CLANG_ENABLE_OBJC_ARC = YES;
				CLANG_WARN_BOOL_CONVERSION = YES;
				CLANG_WARN_CONSTANT_CONVERSION = YES;
				CLANG_WARN_DIRECT_OBJC_ISA_USAGE = YES_ERROR;
				CLANG_WARN_EMPTY_BODY = YES;
				CLANG_WARN_ENUM_CONVERSION = YES;
				CLANG_WARN_INT_CONVERSION = YES;
				CLANG_WARN_OBJC_ROOT_CLASS = YES_ERROR;
				CLANG_WARN__DUPLICATE_METHOD_MATCH = YES;
				"CODE_SIGN_IDENTITY[sdk=iphoneos*]" = "iPhone Developer";
				COPY_PHASE_STRIP = YES;
				ENABLE_NS_ASSERTIONS = NO;
				GCC_C_LANGUAGE_STANDARD = gnu99;
				GCC_WARN_64_TO_32_BIT_CONVERSION = YES;
				GCC_WARN_ABOUT_RETURN_TYPE = YES_ERROR;
				GCC_WARN_UNDECLARED_SELECTOR = YES;
				GCC_WARN_UNINITIALIZED_AUTOS = YES_AGGRESSIVE;
				GCC_WARN_UNUSED_FUNCTION = YES;
				GCC_WARN_UNUSED_VARIABLE = YES;
				IPHONEOS_DEPLOYMENT_TARGET = 7.1;
				SDKROOT = iphoneos;
				VALIDATE_PRODUCT = YES;
			};
			name = Release;
		};
		44D7E7A519A4150500CD5E85 /* Debug */ = {
			isa = XCBuildConfiguration;
			baseConfigurationReference = 33C4F9BDFF58454D9C601FE1 /* Pods-YodaSpeakShopkeep.xcconfig */;
			buildSettings = {
				ASSETCATALOG_COMPILER_APPICON_NAME = AppIcon;
				ASSETCATALOG_COMPILER_LAUNCHIMAGE_NAME = LaunchImage;
				GCC_PRECOMPILE_PREFIX_HEADER = YES;
				GCC_PREFIX_HEADER = "YodaSpeakShopkeep/YodaSpeakShopkeep-Prefix.pch";
				INFOPLIST_FILE = "YodaSpeakShopkeep/YodaSpeakShopkeep-Info.plist";
				PRODUCT_NAME = "$(TARGET_NAME)";
				WRAPPER_EXTENSION = app;
			};
			name = Debug;
		};
		44D7E7A619A4150500CD5E85 /* Release */ = {
			isa = XCBuildConfiguration;
			baseConfigurationReference = 33C4F9BDFF58454D9C601FE1 /* Pods-YodaSpeakShopkeep.xcconfig */;
			buildSettings = {
				ASSETCATALOG_COMPILER_APPICON_NAME = AppIcon;
				ASSETCATALOG_COMPILER_LAUNCHIMAGE_NAME = LaunchImage;
				GCC_PRECOMPILE_PREFIX_HEADER = YES;
				GCC_PREFIX_HEADER = "YodaSpeakShopkeep/YodaSpeakShopkeep-Prefix.pch";
				INFOPLIST_FILE = "YodaSpeakShopkeep/YodaSpeakShopkeep-Info.plist";
				PRODUCT_NAME = "$(TARGET_NAME)";
				WRAPPER_EXTENSION = app;
			};
			name = Release;
		};
		44D7E7A819A4150500CD5E85 /* Debug */ = {
			isa = XCBuildConfiguration;
			baseConfigurationReference = 5599E1FA438F48B4B03C956B /* Pods-YodaSpeakShopkeepTests.xcconfig */;
			buildSettings = {
				BUNDLE_LOADER = "$(BUILT_PRODUCTS_DIR)/YodaSpeakShopkeep.app/YodaSpeakShopkeep";
				FRAMEWORK_SEARCH_PATHS = (
					"$(SDKROOT)/Developer/Library/Frameworks",
					"$(inherited)",
					"$(DEVELOPER_FRAMEWORKS_DIR)",
				);
				GCC_PRECOMPILE_PREFIX_HEADER = YES;
				GCC_PREFIX_HEADER = "YodaSpeakShopkeep/YodaSpeakShopkeep-Prefix.pch";
				GCC_PREPROCESSOR_DEFINITIONS = (
					"DEBUG=1",
					"$(inherited)",
				);
				INFOPLIST_FILE = "YodaSpeakShopkeepTests/YodaSpeakShopkeepTests-Info.plist";
				PRODUCT_NAME = "$(TARGET_NAME)";
				TEST_HOST = "$(BUNDLE_LOADER)";
				WRAPPER_EXTENSION = xctest;
			};
			name = Debug;
		};
		44D7E7A919A4150500CD5E85 /* Release */ = {
			isa = XCBuildConfiguration;
			baseConfigurationReference = 5599E1FA438F48B4B03C956B /* Pods-YodaSpeakShopkeepTests.xcconfig */;
			buildSettings = {
				BUNDLE_LOADER = "$(BUILT_PRODUCTS_DIR)/YodaSpeakShopkeep.app/YodaSpeakShopkeep";
				FRAMEWORK_SEARCH_PATHS = (
					"$(SDKROOT)/Developer/Library/Frameworks",
					"$(inherited)",
					"$(DEVELOPER_FRAMEWORKS_DIR)",
				);
				GCC_PRECOMPILE_PREFIX_HEADER = YES;
				GCC_PREFIX_HEADER = "YodaSpeakShopkeep/YodaSpeakShopkeep-Prefix.pch";
				INFOPLIST_FILE = "YodaSpeakShopkeepTests/YodaSpeakShopkeepTests-Info.plist";
				PRODUCT_NAME = "$(TARGET_NAME)";
				TEST_HOST = "$(BUNDLE_LOADER)";
				WRAPPER_EXTENSION = xctest;
			};
			name = Release;
		};
/* End XCBuildConfiguration section */

/* Begin XCConfigurationList section */
		44D7E76D19A4150500CD5E85 /* Build configuration list for PBXProject "YodaSpeakShopkeep" */ = {
			isa = XCConfigurationList;
			buildConfigurations = (
				44D7E7A219A4150500CD5E85 /* Debug */,
				44D7E7A319A4150500CD5E85 /* Release */,
			);
			defaultConfigurationIsVisible = 0;
			defaultConfigurationName = Release;
		};
		44D7E7A419A4150500CD5E85 /* Build configuration list for PBXNativeTarget "YodaSpeakShopkeep" */ = {
			isa = XCConfigurationList;
			buildConfigurations = (
				44D7E7A519A4150500CD5E85 /* Debug */,
				44D7E7A619A4150500CD5E85 /* Release */,
			);
			defaultConfigurationIsVisible = 0;
			defaultConfigurationName = Release;
		};
		44D7E7A719A4150500CD5E85 /* Build configuration list for PBXNativeTarget "YodaSpeakShopkeepTests" */ = {
			isa = XCConfigurationList;
			buildConfigurations = (
				44D7E7A819A4150500CD5E85 /* Debug */,
				44D7E7A919A4150500CD5E85 /* Release */,
			);
			defaultConfigurationIsVisible = 0;
			defaultConfigurationName = Release;
		};
/* End XCConfigurationList section */
	};
	rootObject = 44D7E76A19A4150500CD5E85 /* Project object */;
}
